{
  "object": {
    "pins": [
      {
        "package": "Kanna",
        "repositoryURL": "https://github.com/tid-kijyun/Kanna.git",
        "state": {
          "branch": null,
          "revision": "2446979c1ba69f290aa3b5f028191a0120010da5",
          "version": "2.2.1"
        }
      },
      {
        "package": "PerfectLib",
        "repositoryURL": "https://github.com/PerfectlySoft/PerfectLib.git",
        "state": {
          "branch": null,
          "revision": "2f1b820a7a091336ee80e2450a5076c1c6d0624d",
          "version": "3.0.0"
        }
      },
      {
        "package": "PerfectMySQL",
        "repositoryURL": "https://github.com/PerfectlySoft/Perfect-MySQL.git",
        "state": {
          "branch": null,
          "revision": "7c4d7197fb60194cff9d23b7b5ac9b7b5106240b",
          "version": "3.0.0"
        }
      },
      {
        "package": "SQLite",
        "repositoryURL": "https://github.com/PerfectlySoft/Perfect-SQLite.git",
        "state": {
          "branch": null,
          "revision": "d260604148db57929e7e1b9a2086f88d5d90905b",
          "version": "2.0.2"
        }
      },
      {
        "package": "SQLite3",
        "repositoryURL": "https://github.com/PerfectlySoft/Perfect-sqlite3-support.git",
        "state": {
          "branch": null,
          "revision": "4161e94eb90fdc10653ee597ef1b28138577e025",
          "version": "2.0.1"
        }
      },
      {
        "package": "SwiftClibxml2",
        "repositoryURL": "https://github.com/tid-kijyun/SwiftClibxml2.git",
        "state": {
          "branch": null,
          "revision": "c4e67cc970273fc2bee978d12e422974ff184de7",
          "version": "1.0.2"
        }
      },
      {
        "package": "SwiftyJSON",
        "repositoryURL": "https://github.com/IBM-Swift/SwiftyJSON.git",
        "state": {
          "branch": null,
          "revision": "7d78e6a9907a5ab23e3f8d4d4ce3e2101abeec9d",
          "version": "15.0.6"
        }
      },
      {
        "package": "ZEGBot",
        "repositoryURL": "https://github.com/shaneqi/ZEGBot.git",
        "state": {
          "branch": null,
          "revision": "93bac9beaef2280fea8de5a09559bce63632eb1f",
          "version": "4.0.0"
        }
      },
      {
        "package": "mysqlclient",
        "repositoryURL": "https://github.com/PerfectlySoft/Perfect-mysqlclient.git",
        "state": {
          "branch": null,
          "revision": "51991fc81e40ddef36e8db1868c9b7f1f83d30dc",
          "version": "2.0.1"
        }
      }
    ]
  },
  "version": 1
}
